
Microsoft Visual Studio Solution File, Format Version 12.00
# Visual Studio Version 16
VisualStudioVersion = 16.0.29806.167
MinimumVisualStudioVersion = 10.0.40219.1
Project("{FAE04EC0-301F-11D3-BF4B-00C04F79EFBC}") = "DatabaseCosmetics", "DatabaseCosmetics\DatabaseCosmetics.csproj", "{DE4F169C-28C6-4A85-AA5E-6B1FE7C9ED78}"
EndProject
Global
	GlobalSection(SolutionConfigurationPlatforms) = preSolution
		Debug|Any CPU = Debug|Any CPU
		Release|Any CPU = Release|Any CPU
	EndGlobalSection
	GlobalSection(ProjectConfigurationPlatforms) = postSolution
		{DE4F169C-28C6-4A85-AA5E-6B1FE7C9ED78}.Debug|Any CPU.ActiveCfg = Debug|Any CPU
		{DE4F169C-28C6-4A85-AA5E-6B1FE7C9ED78}.Debug|Any CPU.Build.0 = Debug|Any CPU
		{DE4F169C-28C6-4A85-AA5E-6B1FE7C9ED78}.Release|Any CPU.ActiveCfg = Release|Any CPU
		{DE4F169C-28C6-4A85-AA5E-6B1FE7C9ED78}.Release|Any CPU.Build.0 = Release|Any CPU
	EndGlobalSection
	GlobalSection(SolutionProperties) = preSolution
		HideSolutionNode = FALSE
	EndGlobalSection
	GlobalSection(ExtensibilityGlobals) = postSolution
		SolutionGuid = {30CD88AE-E630-4B9E-B825-C982003FEEC2}
	EndGlobalSection
EndGlobal
